github.com/davecgh/go-spew v1.1.1 h1:vj9j/u1bqnvCEfJOwUhtlOARqs3+rkHYY13jYWTU97c=
github.com/davecgh/go-spew v1.1.1/go.mod h1:J7Y8YcW2NihsgmVo/mv3lAwl/skON4iLHjSsI+c5H38=
github.com/dimorinny/android-devices v0.0.0-20190309012301-818fffbb50dc h1:cicRSjZfX8xanyAes9doRvs6e1brCQRUu0VDv3mCW1I=
github.com/dimorinny/android-devices v0.0.0-20190309012301-818fffbb50dc/go.mod h1:Qbyv8b3TdmPpq5XbjkBMdzZPCfsm2pHZIsahsXAz41w=
github.com/google/gousb v0.0.0-20190125150036-d0c05ab7f70d h1:yjGKQRR1wmo28CzJLhP+qzxKKd1/oIGkfNSEj17BFGM=
github.com/google/gousb v0.0.0-20190125150036-d0c05ab7f70d/go.mod h1:Tl4HdAs1ThE3gECkNwz+1MWicX6FXddhJEw7L8jRDiI=
